{
  "version": 4,
  "terraform_version": "1.9.8",
  "serial": 85,
  "lineage": "14115cbc-b577-7762-56a7-b756321767cb",
  "outputs": {
    "ami_id": {
      "value": "ami-0873bb55d0d633fc8",
      "type": "string"
    },
    "ami_name": {
      "value": "Windows_Server-2016-English-Full-Base-2025.11.12",
      "type": "string"
    },
    "deployment_summary": {
      "value": {
        "domain_name": "corp.local",
        "environment": "dev",
        "instance_id": "i-0e4b960799430fe87",
        "instance_type": "t3a.medium",
        "private_ip": "172.31.26.64",
        "public_ip": "50.19.60.60",
        "region": "us-east-1",
        "server_name": "DC01"
      },
      "type": [
        "object",
        {
          "domain_name": "string",
          "environment": "string",
          "instance_id": "string",
          "instance_type": "string",
          "private_ip": "string",
          "public_ip": "string",
          "region": "string",
          "server_name": "string"
        }
      ]
    },
    "get_password_command": {
      "value": "aws ec2 get-password-data --instance-id i-0e4b960799430fe87 --priv-launch-key ./dc-automation-key.pem --region us-east-1",
      "type": "string"
    },
    "iis_url": {
      "value": "http://50.19.60.60",
      "type": "string"
    },
    "instance_id": {
      "value": "i-0e4b960799430fe87",
      "type": "string"
    },
    "instance_private_ip": {
      "value": "172.31.26.64",
      "type": "string"
    },
    "instance_public_dns": {
      "value": "ec2-50-19-60-60.compute-1.amazonaws.com",
      "type": "string"
    },
    "instance_public_ip": {
      "value": "50.19.60.60",
      "type": "string"
    },
    "key_pair_name": {
      "value": "dc-automation-key",
      "type": "string"
    },
    "powershell_get_password_command": {
      "value": "Get-EC2PasswordData -InstanceId i-0e4b960799430fe87 -PemFile './dc-automation-key.pem' -Region us-east-1",
      "type": "string"
    },
    "rdp_connection": {
      "value": "mstsc /v:50.19.60.60:3389",
      "type": "string"
    },
    "security_group_id": {
      "value": "sg-0c4c6ced27fd651e0",
      "type": "string"
    }
  },
  "resources": [
    {
      "mode": "data",
      "type": "aws_ami",
      "name": "windows_server_2016",
      "provider": "provider[\"registry.terraform.io/hashicorp/aws\"]",
      "instances": [
        {
          "schema_version": 0,
          "attributes": {
            "architecture": "x86_64",
            "arn": "arn:aws:ec2:us-east-1::image/ami-0873bb55d0d633fc8",
            "block_device_mappings": [
              {
                "device_name": "/dev/sda1",
                "ebs": {
                  "delete_on_termination": "true",
                  "encrypted": "false",
                  "iops": "0",
                  "snapshot_id": "snap-0f87f5b0a556cb3bb",
                  "throughput": "0",
                  "volume_initialization_rate": "0",
                  "volume_size": "30",
                  "volume_type": "gp2"
                },
                "no_device": "",
                "virtual_name": ""
              },
              {
                "device_name": "xvdca",
                "ebs": {},
                "no_device": "",
                "virtual_name": "ephemeral0"
              },
              {
                "device_name": "xvdcb",
                "ebs": {},
                "no_device": "",
                "virtual_name": "ephemeral1"
              },
              {
                "device_name": "xvdcc",
                "ebs": {},
                "no_device": "",
                "virtual_name": "ephemeral2"
              },
              {
                "device_name": "xvdcd",
                "ebs": {},
                "no_device": "",
                "virtual_name": "ephemeral3"
              },
              {
                "device_name": "xvdce",
                "ebs": {},
                "no_device": "",
                "virtual_name": "ephemeral4"
              },
              {
                "device_name": "xvdcf",
                "ebs": {},
                "no_device": "",
                "virtual_name": "ephemeral5"
              },
              {
                "device_name": "xvdcg",
                "ebs": {},
                "no_device": "",
                "virtual_name": "ephemeral6"
              },
              {
                "device_name": "xvdch",
                "ebs": {},
                "no_device": "",
                "virtual_name": "ephemeral7"
              },
              {
                "device_name": "xvdci",
                "ebs": {},
                "no_device": "",
                "virtual_name": "ephemeral8"
              },
              {
                "device_name": "xvdcj",
                "ebs": {},
                "no_device": "",
                "virtual_name": "ephemeral9"
              },
              {
                "device_name": "xvdck",
                "ebs": {},
                "no_device": "",
                "virtual_name": "ephemeral10"
              },
              {
                "device_name": "xvdcl",
                "ebs": {},
                "no_device": "",
                "virtual_name": "ephemeral11"
              },
              {
                "device_name": "xvdcm",
                "ebs": {},
                "no_device": "",
                "virtual_name": "ephemeral12"
              },
              {
                "device_name": "xvdcn",
                "ebs": {},
                "no_device": "",
                "virtual_name": "ephemeral13"
              },
              {
                "device_name": "xvdco",
                "ebs": {},
                "no_device": "",
                "virtual_name": "ephemeral14"
              },
              {
                "device_name": "xvdcp",
                "ebs": {},
                "no_device": "",
                "virtual_name": "ephemeral15"
              },
              {
                "device_name": "xvdcq",
                "ebs": {},
                "no_device": "",
                "virtual_name": "ephemeral16"
              },
              {
                "device_name": "xvdcr",
                "ebs": {},
                "no_device": "",
                "virtual_name": "ephemeral17"
              },
              {
                "device_name": "xvdcs",
                "ebs": {},
                "no_device": "",
                "virtual_name": "ephemeral18"
              },
              {
                "device_name": "xvdct",
                "ebs": {},
                "no_device": "",
                "virtual_name": "ephemeral19"
              },
              {
                "device_name": "xvdcu",
                "ebs": {},
                "no_device": "",
                "virtual_name": "ephemeral20"
              },
              {
                "device_name": "xvdcv",
                "ebs": {},
                "no_device": "",
                "virtual_name": "ephemeral21"
              },
              {
                "device_name": "xvdcw",
                "ebs": {},
                "no_device": "",
                "virtual_name": "ephemeral22"
              },
              {
                "device_name": "xvdcx",
                "ebs": {},
                "no_device": "",
                "virtual_name": "ephemeral23"
              },
              {
                "device_name": "xvdcy",
                "ebs": {},
                "no_device": "",
                "virtual_name": "ephemeral24"
              },
              {
                "device_name": "xvdcz",
                "ebs": {},
                "no_device": "",
                "virtual_name": "ephemeral25"
              }
            ],
            "boot_mode": "",
            "creation_date": "2025-11-12T11:10:36.000Z",
            "deprecation_time": "2027-11-12T11:10:36.000Z",
            "description": "Microsoft Windows Server 2016 with Desktop Experience Locale English AMI provided by Amazon",
            "ena_support": true,
            "executable_users": null,
            "filter": [
              {
                "name": "name",
                "values": [
                  "Windows_Server-2016-English-Full-Base-*"
                ]
              },
              {
                "name": "state",
                "values": [
                  "available"
                ]
              },
              {
                "name": "virtualization-type",
                "values": [
                  "hvm"
                ]
              }
            ],
            "hypervisor": "xen",
            "id": "ami-0873bb55d0d633fc8",
            "image_id": "ami-0873bb55d0d633fc8",
            "image_location": "amazon/Windows_Server-2016-English-Full-Base-2025.11.12",
            "image_owner_alias": "amazon",
            "image_type": "machine",
            "imds_support": "",
            "include_deprecated": false,
            "kernel_id": "",
            "last_launched_time": "",
            "most_recent": true,
            "name": "Windows_Server-2016-English-Full-Base-2025.11.12",
            "name_regex": null,
            "owner_id": "801119661308",
            "owners": [
              "amazon"
            ],
            "platform": "windows",
            "platform_details": "Windows",
            "product_codes": [],
            "public": true,
            "ramdisk_id": "",
            "root_device_name": "/dev/sda1",
            "root_device_type": "ebs",
            "root_snapshot_id": "snap-0f87f5b0a556cb3bb",
            "sriov_net_support": "simple",
            "state": "available",
            "state_reason": {
              "code": "UNSET",
              "message": "UNSET"
            },
            "tags": {},
            "timeouts": null,
            "tpm_support": "",
            "uefi_data": null,
            "usage_operation": "RunInstances:0002",
            "virtualization_type": "hvm"
          },
          "sensitive_attributes": []
        }
      ]
    },
    {
      "mode": "data",
      "type": "aws_subnets",
      "name": "default",
      "provider": "provider[\"registry.terraform.io/hashicorp/aws\"]",
      "instances": [
        {
          "schema_version": 0,
          "attributes": {
            "filter": [
              {
                "name": "vpc-id",
                "values": [
                  "vpc-04dfff502cf378b2f"
                ]
              }
            ],
            "id": "us-east-1",
            "ids": [
              "subnet-034d2027d373007fa",
              "subnet-036bb390ab35c23aa",
              "subnet-0b7906e74430285f4",
              "subnet-060d0e04d49e2fe58",
              "subnet-0d5b020658cd755bf",
              "subnet-07e8fbe9ebc0e4d17"
            ],
            "tags": null,
            "timeouts": null
          },
          "sensitive_attributes": []
        }
      ]
    },
    {
      "mode": "data",
      "type": "aws_vpc",
      "name": "default",
      "provider": "provider[\"registry.terraform.io/hashicorp/aws\"]",
      "instances": [
        {
          "schema_version": 0,
          "attributes": {
            "arn": "arn:aws:ec2:us-east-1:466265435273:vpc/vpc-04dfff502cf378b2f",
            "cidr_block": "172.31.0.0/16",
            "cidr_block_associations": [
              {
                "association_id": "vpc-cidr-assoc-009fc935e312dcdfc",
                "cidr_block": "172.31.0.0/16",
                "state": "associated"
              }
            ],
            "default": true,
            "dhcp_options_id": "dopt-0ca773444401bf0fe",
            "enable_dns_hostnames": true,
            "enable_dns_support": true,
            "enable_network_address_usage_metrics": false,
            "filter": null,
            "id": "vpc-04dfff502cf378b2f",
            "instance_tenancy": "default",
            "ipv6_association_id": "",
            "ipv6_cidr_block": "",
            "main_route_table_id": "rtb-0ff6519dd02882d27",
            "owner_id": "466265435273",
            "state": null,
            "tags": {},
            "timeouts": null
          },
          "sensitive_attributes": []
        }
      ]
    },
    {
      "mode": "managed",
      "type": "aws_instance",
      "name": "dc_server",
      "provider": "provider[\"registry.terraform.io/hashicorp/aws\"]",
      "instances": [
        {
          "schema_version": 1,
          "attributes": {
            "ami": "ami-0873bb55d0d633fc8",
            "arn": "arn:aws:ec2:us-east-1:466265435273:instance/i-0e4b960799430fe87",
            "associate_public_ip_address": true,
            "availability_zone": "us-east-1d",
            "capacity_reservation_specification": [
              {
                "capacity_reservation_preference": "open",
                "capacity_reservation_target": []
              }
            ],
            "cpu_core_count": 1,
            "cpu_options": [
              {
                "amd_sev_snp": "",
                "core_count": 1,
                "threads_per_core": 2
              }
            ],
            "cpu_threads_per_core": 2,
            "credit_specification": [
              {
                "cpu_credits": "unlimited"
              }
            ],
            "disable_api_stop": false,
            "disable_api_termination": false,
            "ebs_block_device": [],
            "ebs_optimized": false,
            "enable_primary_ipv6": null,
            "enclave_options": [
              {
                "enabled": false
              }
            ],
            "ephemeral_block_device": [],
            "get_password_data": false,
            "hibernation": false,
            "host_id": "",
            "host_resource_group_arn": null,
            "iam_instance_profile": "",
            "id": "i-0e4b960799430fe87",
            "instance_initiated_shutdown_behavior": "stop",
            "instance_lifecycle": "",
            "instance_market_options": [],
            "instance_state": "running",
            "instance_type": "t3a.medium",
            "ipv6_address_count": 0,
            "ipv6_addresses": [],
            "key_name": "dc-automation-key",
            "launch_template": [],
            "maintenance_options": [
              {
                "auto_recovery": "default"
              }
            ],
            "metadata_options": [
              {
                "http_endpoint": "enabled",
                "http_protocol_ipv6": "disabled",
                "http_put_response_hop_limit": 1,
                "http_tokens": "optional",
                "instance_metadata_tags": "disabled"
              }
            ],
            "monitoring": false,
            "network_interface": [],
            "outpost_arn": "",
            "password_data": "",
            "placement_group": "",
            "placement_partition_number": 0,
            "primary_network_interface_id": "eni-0a6d98029371a108c",
            "private_dns": "ip-172-31-26-64.ec2.internal",
            "private_dns_name_options": [
              {
                "enable_resource_name_dns_a_record": false,
                "enable_resource_name_dns_aaaa_record": false,
                "hostname_type": "ip-name"
              }
            ],
            "private_ip": "172.31.26.64",
            "public_dns": "ec2-50-19-60-60.compute-1.amazonaws.com",
            "public_ip": "50.19.60.60",
            "root_block_device": [
              {
                "delete_on_termination": true,
                "device_name": "/dev/sda1",
                "encrypted": true,
                "iops": 3000,
                "kms_key_id": "arn:aws:kms:us-east-1:466265435273:key/befec7be-7c3d-4401-bb8a-db8cebafda0d",
                "tags": {
                  "Name": "DC-Server-Root-Volume"
                },
                "tags_all": {
                  "Name": "DC-Server-Root-Volume"
                },
                "throughput": 125,
                "volume_id": "vol-06c1c1ffc2c64c14d",
                "volume_size": 50,
                "volume_type": "gp3"
              }
            ],
            "secondary_private_ips": [],
            "security_groups": [
              "dc-server-20251114140000013100000001"
            ],
            "source_dest_check": true,
            "spot_instance_request_id": "",
            "subnet_id": "subnet-034d2027d373007fa",
            "tags": {
              "AnsibleGroup": "domain_controllers",
              "Environment": "dev",
              "ManagedBy": "Terraform",
              "Name": "DC01-Server",
              "Project": "DC-Automation",
              "Purpose": "Domain Controller"
            },
            "tags_all": {
              "AnsibleGroup": "domain_controllers",
              "Environment": "dev",
              "ManagedBy": "Terraform",
              "Name": "DC01-Server",
              "Project": "DC-Automation",
              "Purpose": "Domain Controller"
            },
            "tenancy": "default",
            "timeouts": null,
            "user_data": "d818439ec54fcda898a38e324f4765e837ba61fa",
            "user_data_base64": null,
            "user_data_replace_on_change": false,
            "volume_tags": null,
            "vpc_security_group_ids": [
              "sg-0c4c6ced27fd651e0"
            ]
          },
          "sensitive_attributes": [],
          "private": "eyJlMmJmYjczMC1lY2FhLTExZTYtOGY4OC0zNDM2M2JjN2M0YzAiOnsiY3JlYXRlIjo2MDAwMDAwMDAwMDAsImRlbGV0ZSI6MTIwMDAwMDAwMDAwMCwicmVhZCI6OTAwMDAwMDAwMDAwLCJ1cGRhdGUiOjYwMDAwMDAwMDAwMH0sInNjaGVtYV92ZXJzaW9uIjoiMSJ9",
          "dependencies": [
            "aws_key_pair.dc_automation_key",
            "aws_security_group.dc_server_sg",
            "data.aws_ami.windows_server_2016",
            "data.aws_subnets.default",
            "data.aws_vpc.default"
          ]
        }
      ]
    },
    {
      "mode": "managed",
      "type": "aws_key_pair",
      "name": "dc_automation_key",
      "provider": "provider[\"registry.terraform.io/hashicorp/aws\"]",
      "instances": [
        {
          "schema_version": 1,
          "attributes": {
            "arn": "arn:aws:ec2:us-east-1:466265435273:key-pair/dc-automation-key",
            "fingerprint": "80:f9:28:e7:1e:9f:a8:d1:0a:4e:ea:9a:29:ea:71:3e",
            "id": "dc-automation-key",
            "key_name": "dc-automation-key",
            "key_name_prefix": "",
            "key_pair_id": "key-06cedb83daaafebda",
            "key_type": "rsa",
            "public_key": "ssh-rsa AAAAB3NzaC1yc2EAAAADAQABAAACAQCuOxKfQUJU32cS/88HKw1x0M5pAaY380MlWSZy4OTNyyIEMneR/VhRvgNjhrfiwVe0ZfE4bq9DbW2zZSkTn11ZTsVQuhHtNS+0fig/kCjF7rNwhvvigeCJXq5Z6Wx10Hoq8wBp4CbBCuDa67C+mcrcEe2xro+vfc43uiitkjRPbtEPd8kgfYrU/6sARcgz2NPcVwP8VXQHfRCqnLolrN4zQRbReMjjclhrsig599ftw4RnIvS+aGAYG1FIKEaBdDRMD3Hlh04bo2Ne7roxg3tuFs5vuErjxEA+DPFsNySFR5QavPzQg6hP5JlRKuvhWw86RJV4rskMlcRGnUoNdKjWC7eyUMuFnHeYunjI/gj6ejDVXqTHUdAvpCAkzyxoePi76ZpqyPCoZ6AKHLe6ZH/lVX7/QWELIAgADNYfPDa78S5+Od9IgM983mv2JLI6n9uFAQ+8/WmRMHzHaWF+qZ1WVOui+iWgvv3p/BB9gUPT3UjhPVkldJqLBnt0BnN7tCSKTDBifceeDJLIAGajJ19EZAwwj4F+jhia24F2QR5sP7axo3s+ecmc1hQZuIujtC+zwxBWDdxjvEDbliaUsnQg4RwR5YpBX3lJ8PoX79t9+VPeeLyYmw7hw0s192keUs65tp7gsDRK/INupZiFoiRYi3dtU8JejcNzlhEonWtIfw== geodigit\\nedic.darko@LGIS-12",
            "tags": {
              "Environment": "dev",
              "ManagedBy": "Terraform",
              "Name": "DC-Automation-Key",
              "Project": "DC-Automation"
            },
            "tags_all": {
              "Environment": "dev",
              "ManagedBy": "Terraform",
              "Name": "DC-Automation-Key",
              "Project": "DC-Automation"
            }
          },
          "sensitive_attributes": [],
          "private": "eyJzY2hlbWFfdmVyc2lvbiI6IjEifQ=="
        }
      ]
    },
    {
      "mode": "managed",
      "type": "aws_security_group",
      "name": "dc_server_sg",
      "provider": "provider[\"registry.terraform.io/hashicorp/aws\"]",
      "instances": [
        {
          "schema_version": 1,
          "attributes": {
            "arn": "arn:aws:ec2:us-east-1:466265435273:security-group/sg-0c4c6ced27fd651e0",
            "description": "Security group for Domain Controller",
            "egress": [
              {
                "cidr_blocks": [
                  "0.0.0.0/0"
                ],
                "description": "All outbound traffic",
                "from_port": 0,
                "ipv6_cidr_blocks": [],
                "prefix_list_ids": [],
                "protocol": "-1",
                "security_groups": [],
                "self": false,
                "to_port": 0
              }
            ],
            "id": "sg-0c4c6ced27fd651e0",
            "ingress": [
              {
                "cidr_blocks": [
                  "0.0.0.0/0"
                ],
                "description": "HTTP access",
                "from_port": 80,
                "ipv6_cidr_blocks": [],
                "prefix_list_ids": [],
                "protocol": "tcp",
                "security_groups": [],
                "self": false,
                "to_port": 80
              },
              {
                "cidr_blocks": [
                  "0.0.0.0/0"
                ],
                "description": "HTTPS access",
                "from_port": 443,
                "ipv6_cidr_blocks": [],
                "prefix_list_ids": [],
                "protocol": "tcp",
                "security_groups": [],
                "self": false,
                "to_port": 443
              },
              {
                "cidr_blocks": [
                  "0.0.0.0/0"
                ],
                "description": "ICMP ping",
                "from_port": -1,
                "ipv6_cidr_blocks": [],
                "prefix_list_ids": [],
                "protocol": "icmp",
                "security_groups": [],
                "self": false,
                "to_port": -1
              },
              {
                "cidr_blocks": [
                  "0.0.0.0/0"
                ],
                "description": "RDP access",
                "from_port": 3389,
                "ipv6_cidr_blocks": [],
                "prefix_list_ids": [],
                "protocol": "tcp",
                "security_groups": [],
                "self": false,
                "to_port": 3389
              },
              {
                "cidr_blocks": [
                  "0.0.0.0/0"
                ],
                "description": "WinRM for Ansible",
                "from_port": 5985,
                "ipv6_cidr_blocks": [],
                "prefix_list_ids": [],
                "protocol": "tcp",
                "security_groups": [],
                "self": false,
                "to_port": 5986
              },
              {
                "cidr_blocks": [
                  "172.31.0.0/16"
                ],
                "description": "DNS TCP",
                "from_port": 53,
                "ipv6_cidr_blocks": [],
                "prefix_list_ids": [],
                "protocol": "tcp",
                "security_groups": [],
                "self": false,
                "to_port": 53
              },
              {
                "cidr_blocks": [
                  "172.31.0.0/16"
                ],
                "description": "DNS UDP",
                "from_port": 53,
                "ipv6_cidr_blocks": [],
                "prefix_list_ids": [],
                "protocol": "udp",
                "security_groups": [],
                "self": false,
                "to_port": 53
              },
              {
                "cidr_blocks": [
                  "172.31.0.0/16"
                ],
                "description": "Kerberos TCP",
                "from_port": 88,
                "ipv6_cidr_blocks": [],
                "prefix_list_ids": [],
                "protocol": "tcp",
                "security_groups": [],
                "self": false,
                "to_port": 88
              },
              {
                "cidr_blocks": [
                  "172.31.0.0/16"
                ],
                "description": "Kerberos UDP",
                "from_port": 88,
                "ipv6_cidr_blocks": [],
                "prefix_list_ids": [],
                "protocol": "udp",
                "security_groups": [],
                "self": false,
                "to_port": 88
              },
              {
                "cidr_blocks": [
                  "172.31.0.0/16"
                ],
                "description": "LDAP",
                "from_port": 389,
                "ipv6_cidr_blocks": [],
                "prefix_list_ids": [],
                "protocol": "tcp",
                "security_groups": [],
                "self": false,
                "to_port": 389
              },
              {
                "cidr_blocks": [
                  "172.31.0.0/16"
                ],
                "description": "LDAPS",
                "from_port": 636,
                "ipv6_cidr_blocks": [],
                "prefix_list_ids": [],
                "protocol": "tcp",
                "security_groups": [],
                "self": false,
                "to_port": 636
              }
            ],
            "name": "dc-server-20251114140000013100000001",
            "name_prefix": "dc-server-",
            "owner_id": "466265435273",
            "revoke_rules_on_delete": false,
            "tags": {
              "Environment": "dev",
              "ManagedBy": "Terraform",
              "Name": "DC-Server-SG",
              "Project": "DC-Automation"
            },
            "tags_all": {
              "Environment": "dev",
              "ManagedBy": "Terraform",
              "Name": "DC-Server-SG",
              "Project": "DC-Automation"
            },
            "timeouts": null,
            "vpc_id": "vpc-04dfff502cf378b2f"
          },
          "sensitive_attributes": [],
          "private": "eyJlMmJmYjczMC1lY2FhLTExZTYtOGY4OC0zNDM2M2JjN2M0YzAiOnsiY3JlYXRlIjo2MDAwMDAwMDAwMDAsImRlbGV0ZSI6OTAwMDAwMDAwMDAwfSwic2NoZW1hX3ZlcnNpb24iOiIxIn0=",
          "dependencies": [
            "data.aws_vpc.default"
          ]
        }
      ]
    },
    {
      "mode": "managed",
      "type": "local_file",
      "name": "ansible_inventory",
      "provider": "provider[\"registry.terraform.io/hashicorp/local\"]",
      "instances": [
        {
          "schema_version": 0,
          "attributes": {
            "content": "# Ansible Inventory - Generated by Terraform\n# DC Automation Project\n\nall:\n  children:\n    domain_controllers:\n      hosts:\n        DC01:\n          ansible_host: 50.19.60.60\n          ansible_user: Administrator\n          ansible_connection: winrm\n          ansible_winrm_transport: basic\n          ansible_winrm_server_cert_validation: ignore\n          ansible_port: 5985\n          ansible_winrm_operation_timeout_sec: 240\n          ansible_winrm_read_timeout_sec: 300\n          \n          # Server Configuration\n          server_name: DC01\n          domain_name: corp.local\n          \n          # RDS Configuration (if enabled)\n                    rds_enabled: false\n                    \n      vars:\n        # Windows-specific Ansible settings\n        ansible_shell_type: powershell\n        ansible_become_method: runas\n        ansible_become_user: Administrator\n        \n        # Domain Controller specific variables\n        dc_role: primary\n        forest_mode: WinThreshold\n        domain_mode: WinThreshold\n        \n        # Organizational Units to create\n        organizational_units:\n          - name: Sales\n            path: \"DC={{ domain_name | regex_replace('\\\\.', ',DC=') }}\"\n          - name: IT\n            path: \"DC={{ domain_name | regex_replace('\\\\.', ',DC=') }}\"\n          - name: HR\n            path: \"DC={{ domain_name | regex_replace('\\\\.', ',DC=') }}\"\n        \n        # Users to create (3 per OU + 1 Domain Admin)\n        domain_users:\n          - name: SalesUser1\n            ou: Sales\n            groups: []\n          - name: SalesUser2\n            ou: Sales\n            groups: []\n          - name: SalesUser3\n            ou: Sales\n            groups: []\n          - name: ITUser1\n            ou: IT\n            groups: []\n          - name: ITUser2\n            ou: IT\n            groups: []\n          - name: ITUser3\n            ou: IT\n            groups: []\n          - name: HRUser1\n            ou: HR\n            groups: []\n          - name: HRUser2\n            ou: HR\n            groups: []\n          - name: HRUser3\n            ou: HR\n            groups: []\n          - name: DomainAdmin\n            ou: Users\n            groups:\n              - Domain Admins\n              - Enterprise Admins\n        \n        # IIS Configuration\n        iis_features:\n          - IIS-WebServerRole\n          - IIS-WebServer\n          - IIS-CommonHttpFeatures\n          - IIS-HttpErrors\n          - IIS-HttpRedirect\n          - IIS-ApplicationDevelopment\n          - IIS-NetFxExtensibility45\n          - IIS-HealthAndDiagnostics\n          - IIS-HttpLogging\n          - IIS-Security\n          - IIS-RequestFiltering\n          - IIS-Performance\n          - IIS-WebServerManagementTools\n          - IIS-ManagementConsole\n          - IIS-IIS6ManagementCompatibility\n          - IIS-Metabase\n        \n        # Firewall rules to configure\n        firewall_rules:\n          - name: \"HTTP-In\"\n            localport: 80\n            protocol: tcp\n            action: allow\n            direction: in\n          - name: \"HTTPS-In\"\n            localport: 443\n            protocol: tcp\n            action: allow\n            direction: in\n          - name: \"DNS-TCP-In\"\n            localport: 53\n            protocol: tcp\n            action: allow\n            direction: in\n          - name: \"DNS-UDP-In\"\n            localport: 53\n            protocol: udp\n            action: allow\n            direction: in\n          - name: \"LDAP-In\"\n            localport: 389\n            protocol: tcp\n            action: allow\n            direction: in\n          - name: \"LDAPS-In\"\n            localport: 636\n            protocol: tcp\n            action: allow\n            direction: in\n          - name: \"Kerberos-TCP-In\"\n            localport: 88\n            protocol: tcp\n            action: allow\n            direction: in\n          - name: \"Kerberos-UDP-In\"\n            localport: 88\n            protocol: udp\n            action: allow\n            direction: in\n",
            "content_base64": null,
            "content_base64sha256": "K7WGPqG3SS4taqVecF4P7h7RxL6ABx+ZOldT53m9Zog=",
            "content_base64sha512": "wAJLKwNwzfcYnn64xZo1AbTd20YO0gmDIIzljbHdw3MVr4YJS69hioB4BtNcKDp7AmxwtzJaa485UMgO7pntXw==",
            "content_md5": "cd1a5c1b8d1140194665a4fa27bcabfc",
            "content_sha1": "7e4999dc069f6d8c0890cf9a21ad372efac8a8e8",
            "content_sha256": "2bb5863ea1b7492e2d6aa55e705e0fee1ed1c4be80071f993a5753e779bd6688",
            "content_sha512": "c0024b2b0370cdf7189e7eb8c59a3501b4dddb460ed20983208ce58db1ddc37315af86094baf618a807806d35c283a7b026c70b7325a6b8f3950c80eee99ed5f",
            "directory_permission": "0777",
            "file_permission": "0777",
            "filename": "./../ansible/inventory/hosts.yml",
            "id": "7e4999dc069f6d8c0890cf9a21ad372efac8a8e8",
            "sensitive_content": null,
            "source": null
          },
          "sensitive_attributes": [
            [
              {
                "type": "get_attr",
                "value": "sensitive_content"
              }
            ]
          ],
          "dependencies": [
            "aws_db_instance.dc_database",
            "aws_db_subnet_group.dc_rds_subnet_group",
            "aws_eip.dc_server_eip",
            "aws_iam_role.rds_monitoring",
            "aws_instance.dc_server",
            "aws_key_pair.dc_automation_key",
            "aws_security_group.dc_server_sg",
            "aws_security_group.rds_sg",
            "data.aws_ami.windows_server_2016",
            "data.aws_subnets.default",
            "data.aws_vpc.default"
          ]
        }
      ]
    }
  ],
  "check_results": [
    {
      "object_kind": "var",
      "config_addr": "var.rds_password",
      "status": "pass",
      "objects": [
        {
          "object_addr": "var.rds_password",
          "status": "pass"
        }
      ]
    },
    {
      "object_kind": "var",
      "config_addr": "var.rds_allocated_storage",
      "status": "pass",
      "objects": [
        {
          "object_addr": "var.rds_allocated_storage",
          "status": "pass"
        }
      ]
    },
    {
      "object_kind": "var",
      "config_addr": "var.rds_database_name",
      "status": "pass",
      "objects": [
        {
          "object_addr": "var.rds_database_name",
          "status": "pass"
        }
      ]
    },
    {
      "object_kind": "var",
      "config_addr": "var.instance_type",
      "status": "pass",
      "objects": [
        {
          "object_addr": "var.instance_type",
          "status": "pass"
        }
      ]
    },
    {
      "object_kind": "var",
      "config_addr": "var.server_name",
      "status": "pass",
      "objects": [
        {
          "object_addr": "var.server_name",
          "status": "pass"
        }
      ]
    },
    {
      "object_kind": "var",
      "config_addr": "var.rds_backup_retention_period",
      "status": "pass",
      "objects": [
        {
          "object_addr": "var.rds_backup_retention_period",
          "status": "pass"
        }
      ]
    },
    {
      "object_kind": "var",
      "config_addr": "var.rds_instance_class",
      "status": "pass",
      "objects": [
        {
          "object_addr": "var.rds_instance_class",
          "status": "pass"
        }
      ]
    },
    {
      "object_kind": "var",
      "config_addr": "var.root_volume_size",
      "status": "pass",
      "objects": [
        {
          "object_addr": "var.root_volume_size",
          "status": "pass"
        }
      ]
    },
    {
      "object_kind": "var",
      "config_addr": "var.environment",
      "status": "pass",
      "objects": [
        {
          "object_addr": "var.environment",
          "status": "pass"
        }
      ]
    },
    {
      "object_kind": "var",
      "config_addr": "var.domain_name",
      "status": "pass",
      "objects": [
        {
          "object_addr": "var.domain_name",
          "status": "pass"
        }
      ]
    }
  ]
}
